
Microsoft Visual Studio Solution File, Format Version 12.00
# Visual Studio Version 17
VisualStudioVersion = 17.14.36518.9 d17.14
MinimumVisualStudioVersion = 10.0.40219.1
Project("{FAE04EC0-301F-11D3-BF4B-00C04F79EFBC}") = "Tienda de Snack", "Tienda de Snack\Tienda de Snack.csproj", "{2C23AF1C-AF94-4531-95A8-75A04F6170A4}"
EndProject
Global
	GlobalSection(SolutionConfigurationPlatforms) = preSolution
		Debug|Any CPU = Debug|Any CPU
		Release|Any CPU = Release|Any CPU
	EndGlobalSection
	GlobalSection(ProjectConfigurationPlatforms) = postSolution
		{2C23AF1C-AF94-4531-95A8-75A04F6170A4}.Debug|Any CPU.ActiveCfg = Debug|Any CPU
		{2C23AF1C-AF94-4531-95A8-75A04F6170A4}.Debug|Any CPU.Build.0 = Debug|Any CPU
		{2C23AF1C-AF94-4531-95A8-75A04F6170A4}.Release|Any CPU.ActiveCfg = Release|Any CPU
		{2C23AF1C-AF94-4531-95A8-75A04F6170A4}.Release|Any CPU.Build.0 = Release|Any CPU
	EndGlobalSection
	GlobalSection(SolutionProperties) = preSolution
		HideSolutionNode = FALSE
	EndGlobalSection
	GlobalSection(ExtensibilityGlobals) = postSolution
		SolutionGuid = {A588494D-1723-4B27-A750-CF7AB09EB92D}
	EndGlobalSection
EndGlobal
