
Microsoft Visual Studio Solution File, Format Version 12.00
# Visual Studio Version 17
VisualStudioVersion = 17.11.35327.3
MinimumVisualStudioVersion = 10.0.40219.1
<<<<<<< Updated upstream:Tienda de Snack/TiendaDeSnack.sln
Project("{9A19103F-16F7-4668-BE54-9A1E7A4F7556}") = "TiendaDeSnack", "TiendaDeSnack.csproj", "{ACF1A716-0EC0-4EF0-BA5E-95412AC6C2FE}"
=======
Project("{9A19103F-16F7-4668-BE54-9A1E7A4F7556}") = "TiendaDeSnack", "TiendaDeSnack.csproj", "{8B109A87-2DEA-08F3-7B92-07222E320B03}"
>>>>>>> Stashed changes:TiendaDeSnack/TiendaDeSnack.sln
EndProject
Global
	GlobalSection(SolutionConfigurationPlatforms) = preSolution
		Debug|Any CPU = Debug|Any CPU
		Release|Any CPU = Release|Any CPU
	EndGlobalSection
	GlobalSection(ProjectConfigurationPlatforms) = postSolution
		{ACF1A716-0EC0-4EF0-BA5E-95412AC6C2FE}.Debug|Any CPU.ActiveCfg = Debug|Any CPU
		{ACF1A716-0EC0-4EF0-BA5E-95412AC6C2FE}.Debug|Any CPU.Build.0 = Debug|Any CPU
		{ACF1A716-0EC0-4EF0-BA5E-95412AC6C2FE}.Release|Any CPU.ActiveCfg = Release|Any CPU
		{ACF1A716-0EC0-4EF0-BA5E-95412AC6C2FE}.Release|Any CPU.Build.0 = Release|Any CPU
	EndGlobalSection
	GlobalSection(SolutionProperties) = preSolution
		HideSolutionNode = FALSE
	EndGlobalSection
	GlobalSection(ExtensibilityGlobals) = postSolution
		SolutionGuid = {38594267-F5EA-4A28-BE6B-04D3D9815E57}
	EndGlobalSection
EndGlobal
